{
  "R": {
    "Version": "4.2.2",
    "Repositories": [
      {
        "Name": "CRAN",
        "URL": "https://cran.rstudio.com"
      }
    ]
  },
  "Packages": {
    "Matrix": {
      "Package": "Matrix",
      "Version": "1.5-1",
      "Source": "Repository",
      "Repository": "CRAN",
      "Requirements": [
        "R",
        "graphics",
        "grid",
        "lattice",
        "methods",
        "stats",
        "utils"
      ],
      "Hash": "539dc0c0c05636812f1080f473d2c177"
    },
    "R6": {
      "Package": "R6",
      "Version": "2.5.1",
      "Source": "Repository",
      "Repository": "CRAN",
      "Requirements": [
        "R"
      ],
      "Hash": "470851b6d5d0ac559e9d01bb352b4021"
    },
    "Rcpp": {
      "Package": "Rcpp",
      "Version": "1.0.10",
      "Source": "Repository",
      "Repository": "CRAN",
      "Requirements": [
        "methods",
        "utils"
      ],
      "Hash": "e749cae40fa9ef469b6050959517453c"
    },
    "backports": {
      "Package": "backports",
      "Version": "1.4.1",
      "Source": "Repository",
      "Repository": "CRAN",
      "Requirements": [
        "R"
      ],
      "Hash": "c39fbec8a30d23e721980b8afb31984c"
    },
    "base64url": {
      "Package": "base64url",
      "Version": "1.4",
      "Source": "Repository",
      "Repository": "CRAN",
      "Requirements": [
        "backports"
      ],
      "Hash": "0c54cf3a08cc0e550fbd64ad33166143"
    },
    "callr": {
      "Package": "callr",
      "Version": "3.7.3",
      "Source": "Repository",
      "Repository": "CRAN",
      "Requirements": [
        "R",
        "R6",
        "processx",
        "utils"
      ],
      "Hash": "9b2191ede20fa29828139b9900922e51"
    },
    "cli": {
      "Package": "cli",
      "Version": "3.6.0",
      "Source": "Repository",
      "Repository": "CRAN",
      "Requirements": [
        "R",
        "utils"
      ],
      "Hash": "3177a5a16c243adc199ba33117bd9657"
    },
    "codetools": {
      "Package": "codetools",
      "Version": "0.2-18",
      "Source": "Repository",
      "Repository": "CRAN",
      "Requirements": [
        "R"
      ],
      "Hash": "019388fc48e48b3da0d3a76ff94608a8"
    },
    "data.table": {
      "Package": "data.table",
      "Version": "1.14.8",
      "Source": "Repository",
      "Repository": "CRAN",
      "Requirements": [
        "R",
        "methods"
      ],
      "Hash": "b4c06e554f33344e044ccd7fdca750a9"
    },
    "digest": {
      "Package": "digest",
      "Version": "0.6.31",
      "Source": "Repository",
      "Repository": "CRAN",
      "Requirements": [
        "R",
        "utils"
      ],
      "Hash": "8b708f296afd9ae69f450f9640be8990"
    },
    "dplyr": {
      "Package": "dplyr",
      "Version": "1.1.0",
      "Source": "Repository",
      "Repository": "CRAN",
      "Requirements": [
        "R",
        "R6",
        "cli",
        "generics",
        "glue",
        "lifecycle",
        "magrittr",
        "methods",
        "pillar",
        "rlang",
        "tibble",
        "tidyselect",
        "utils",
        "vctrs"
      ],
      "Hash": "d3c34618017e7ae252d46d79a1b9ec32"
    },
    "evaluate": {
      "Package": "evaluate",
      "Version": "0.20",
      "Source": "Repository",
      "Repository": "CRAN",
      "Requirements": [
        "R",
        "methods"
      ],
      "Hash": "4b68aa51edd89a0e044a66e75ae3cc6c"
    },
    "fansi": {
      "Package": "fansi",
      "Version": "1.0.4",
      "Source": "Repository",
      "Repository": "CRAN",
      "Requirements": [
        "R",
        "grDevices",
        "utils"
      ],
      "Hash": "1d9e7ad3c8312a192dea7d3db0274fde"
    },
    "fs": {
      "Package": "fs",
      "Version": "1.6.1",
      "Source": "Repository",
      "Repository": "CRAN",
      "Requirements": [
        "R",
        "methods"
      ],
      "Hash": "f4dcd23b67e33d851d2079f703e8b985"
    },
    "furrr": {
      "Package": "furrr",
      "Version": "0.3.1",
      "Source": "Repository",
      "Repository": "CRAN",
      "Requirements": [
        "R",
        "future",
        "globals",
        "lifecycle",
        "purrr",
        "rlang",
        "vctrs"
      ],
      "Hash": "da7a4c32196cb2262a41dd5a25d486ff"
    },
    "future": {
      "Package": "future",
      "Version": "1.32.0",
      "Source": "Repository",
      "Repository": "CRAN",
      "Requirements": [
        "digest",
        "globals",
        "listenv",
        "parallel",
        "parallelly",
        "utils"
      ],
      "Hash": "c68517cf2f78be4ea86e140b8598a4ca"
    },
    "future.callr": {
      "Package": "future.callr",
      "Version": "0.8.1",
      "Source": "Repository",
      "Repository": "CRAN",
      "Requirements": [
        "R",
        "callr",
        "future"
      ],
      "Hash": "e76426c4a99a1798a9376c6fe9070a68"
    },
    "generics": {
      "Package": "generics",
      "Version": "0.1.3",
      "Source": "Repository",
      "Repository": "CRAN",
      "Requirements": [
        "R",
        "methods"
      ],
      "Hash": "15e9634c0fcd294799e9b2e929ed1b86"
    },
    "globals": {
      "Package": "globals",
      "Version": "0.16.2",
      "Source": "Repository",
      "Repository": "CRAN",
      "Requirements": [
        "R",
        "codetools"
      ],
      "Hash": "baa9585ab4ce47a9f4618e671778cc6f"
    },
    "glue": {
      "Package": "glue",
      "Version": "1.6.2",
      "Source": "Repository",
      "Repository": "CRAN",
      "Requirements": [
        "R",
        "methods"
      ],
      "Hash": "4f2596dfb05dac67b9dc558e5c6fba2e"
    },
    "goodegg": {
      "Package": "goodegg",
      "Version": "0.0.0.9000",
      "Source": "GitHub",
      "RemoteType": "github",
      "RemoteHost": "api.github.com",
      "RemoteRepo": "goodegg",
      "RemoteUsername": "nickbrazeau",
      "RemoteRef": "HEAD",
      "RemoteSha": "ca64a227bccbe52d23908f80f4c1a63d96a63317",
      "Requirements": [
        "Rcpp"
      ],
      "Hash": "92ddf7e3ba80d9838599ba92f651c492"
    },
    "highr": {
      "Package": "highr",
      "Version": "0.10",
      "Source": "Repository",
      "Repository": "CRAN",
      "Requirements": [
        "R",
        "xfun"
      ],
      "Hash": "06230136b2d2b9ba5805e1963fa6e890"
    },
    "igraph": {
      "Package": "igraph",
      "Version": "1.4.1",
      "Source": "Repository",
      "Repository": "CRAN",
      "Requirements": [
        "Matrix",
        "grDevices",
        "graphics",
        "magrittr",
        "methods",
        "pkgconfig",
        "rlang",
        "stats",
        "utils"
      ],
      "Hash": "a7ef0d811cb66d8be9da0d7b5ab80ded"
    },
    "knitr": {
      "Package": "knitr",
      "Version": "1.42",
      "Source": "Repository",
      "Repository": "CRAN",
      "Requirements": [
        "R",
        "evaluate",
        "highr",
        "methods",
        "tools",
        "xfun",
        "yaml"
      ],
      "Hash": "8329a9bcc82943c8069104d4be3ee22d"
    },
    "lattice": {
      "Package": "lattice",
      "Version": "0.20-45",
      "Source": "Repository",
      "Repository": "CRAN",
      "Requirements": [
        "R",
        "grDevices",
        "graphics",
        "grid",
        "stats",
        "utils"
      ],
      "Hash": "b64cdbb2b340437c4ee047a1f4c4377b"
    },
    "lifecycle": {
      "Package": "lifecycle",
      "Version": "1.0.3",
      "Source": "Repository",
      "Repository": "CRAN",
      "Requirements": [
        "R",
        "cli",
        "glue",
        "rlang"
      ],
      "Hash": "001cecbeac1cff9301bdc3775ee46a86"
    },
    "listenv": {
      "Package": "listenv",
      "Version": "0.9.0",
      "Source": "Repository",
      "Repository": "CRAN",
      "Requirements": [
        "R"
      ],
      "Hash": "4fbd3679ec8ee169ba28d4b1ea7d0e8f"
    },
    "magrittr": {
      "Package": "magrittr",
      "Version": "2.0.3",
      "Source": "Repository",
      "Repository": "CRAN",
      "Requirements": [
        "R"
      ],
      "Hash": "7ce2733a9826b3aeb1775d56fd305472"
    },
    "parallelly": {
      "Package": "parallelly",
      "Version": "1.34.0",
      "Source": "Repository",
      "Repository": "CRAN",
      "Requirements": [
        "parallel",
        "tools",
        "utils"
      ],
      "Hash": "2a795ec0ddbfe465ca0d6471039631bf"
    },
    "pillar": {
      "Package": "pillar",
      "Version": "1.8.1",
      "Source": "Repository",
      "Repository": "CRAN",
      "Requirements": [
        "cli",
        "fansi",
        "glue",
        "lifecycle",
        "rlang",
        "utf8",
        "utils",
        "vctrs"
      ],
      "Hash": "f2316df30902c81729ae9de95ad5a608"
    },
    "pkgconfig": {
      "Package": "pkgconfig",
      "Version": "2.0.3",
      "Source": "Repository",
      "Repository": "CRAN",
      "Requirements": [
        "utils"
      ],
      "Hash": "01f28d4278f15c76cddbea05899c5d6f"
    },
    "processx": {
      "Package": "processx",
      "Version": "3.8.0",
      "Source": "Repository",
      "Repository": "CRAN",
      "Requirements": [
        "R",
        "R6",
        "ps",
        "utils"
      ],
      "Hash": "a33ee2d9bf07564efb888ad98410da84"
    },
    "ps": {
      "Package": "ps",
      "Version": "1.7.2",
      "Source": "Repository",
      "Repository": "CRAN",
      "Requirements": [
        "R",
        "utils"
      ],
      "Hash": "68dd03d98a5efd1eb3012436de45ba83"
    },
    "purrr": {
      "Package": "purrr",
      "Version": "1.0.1",
      "Source": "Repository",
      "Repository": "CRAN",
      "Requirements": [
        "R",
        "cli",
        "lifecycle",
        "magrittr",
        "rlang",
        "vctrs"
      ],
      "Hash": "d71c815267c640f17ddbf7f16144b4bb"
    },
    "remotes": {
      "Package": "remotes",
      "Version": "2.4.2",
      "Source": "Repository",
      "Repository": "CRAN",
      "Requirements": [
        "R",
        "methods",
        "stats",
        "tools",
        "utils"
      ],
      "Hash": "227045be9aee47e6dda9bb38ac870d67"
    },
    "renv": {
      "Package": "renv",
      "Version": "0.17.0",
      "Source": "Repository",
      "Repository": "CRAN",
      "Requirements": [
        "utils"
      ],
      "Hash": "ce3065fc1a0b64a859f55ac3998d6927"
    },
    "rlang": {
      "Package": "rlang",
      "Version": "1.0.6",
      "Source": "Repository",
      "Repository": "CRAN",
      "Requirements": [
        "R",
        "utils"
      ],
      "Hash": "4ed1f8336c8d52c3e750adcdc57228a7"
    },
    "tarchetypes": {
      "Package": "tarchetypes",
      "Version": "0.7.5",
      "Source": "Repository",
      "Repository": "CRAN",
      "Requirements": [
        "R",
        "digest",
        "dplyr",
        "fs",
        "furrr",
        "future",
        "future.callr",
        "rlang",
        "targets",
        "tibble",
        "tidyselect",
        "utils",
        "vctrs",
        "withr"
      ],
      "Hash": "b059a3d39cececb65eceffc0b33c1061"
    },
    "targets": {
      "Package": "targets",
      "Version": "0.14.3",
      "Source": "Repository",
      "Repository": "CRAN",
      "Requirements": [
        "R",
        "R6",
        "base64url",
        "callr",
        "cli",
        "codetools",
        "data.table",
        "digest",
        "igraph",
        "knitr",
        "rlang",
        "stats",
        "tibble",
        "tidyselect",
        "tools",
        "utils",
        "vctrs",
        "withr",
        "yaml"
      ],
      "Hash": "bf748746ce81f412fb06d30d6a2ddec7"
    },
    "tibble": {
      "Package": "tibble",
      "Version": "3.2.0",
      "Source": "Repository",
      "Repository": "CRAN",
      "Requirements": [
        "R",
        "fansi",
        "lifecycle",
        "magrittr",
        "methods",
        "pillar",
        "pkgconfig",
        "rlang",
        "utils",
        "vctrs"
      ],
      "Hash": "37695ff125982007d42a59ad10982ff2"
    },
    "tidyselect": {
      "Package": "tidyselect",
      "Version": "1.2.0",
      "Source": "Repository",
      "Repository": "CRAN",
      "Requirements": [
        "R",
        "cli",
        "glue",
        "lifecycle",
        "rlang",
        "vctrs",
        "withr"
      ],
      "Hash": "79540e5fcd9e0435af547d885f184fd5"
    },
    "utf8": {
      "Package": "utf8",
      "Version": "1.2.3",
      "Source": "Repository",
      "Repository": "CRAN",
      "Requirements": [
        "R"
      ],
      "Hash": "1fe17157424bb09c48a8b3b550c753bc"
    },
    "vctrs": {
      "Package": "vctrs",
      "Version": "0.5.2",
      "Source": "Repository",
      "Repository": "CRAN",
      "Requirements": [
        "R",
        "cli",
        "glue",
        "lifecycle",
        "rlang"
      ],
      "Hash": "e4ffa94ceed5f124d429a5a5f0f5b378"
    },
    "withr": {
      "Package": "withr",
      "Version": "2.5.0",
      "Source": "Repository",
      "Repository": "CRAN",
      "Requirements": [
        "R",
        "grDevices",
        "graphics",
        "stats"
      ],
      "Hash": "c0e49a9760983e81e55cdd9be92e7182"
    },
    "xfun": {
      "Package": "xfun",
      "Version": "0.37",
      "Source": "Repository",
      "Repository": "CRAN",
      "Requirements": [
        "stats",
        "tools"
      ],
      "Hash": "a6860e1400a8fd1ddb6d9b4230cc34ab"
    },
    "yaml": {
      "Package": "yaml",
      "Version": "2.3.7",
      "Source": "Repository",
      "Repository": "CRAN",
      "Hash": "0d0056cc5383fbc240ccd0cb584bf436"
    }
  }
}
